
Microsoft Visual Studio Solution File, Format Version 12.00
# Visual Studio Version 16
VisualStudioVersion = 16.0.30204.135
MinimumVisualStudioVersion = 10.0.40219.1
Project("{FAE04EC0-301F-11D3-BF4B-00C04F79EFBC}") = "UsingGitInApplication", "UsingGitInApplication\UsingGitInApplication.csproj", "{2903492B-65B1-409C-832D-D1EEF37C027D}"
EndProject
Global
	GlobalSection(SolutionConfigurationPlatforms) = preSolution
		Debug|Any CPU = Debug|Any CPU
		Release|Any CPU = Release|Any CPU
	EndGlobalSection
	GlobalSection(ProjectConfigurationPlatforms) = postSolution
		{2903492B-65B1-409C-832D-D1EEF37C027D}.Debug|Any CPU.ActiveCfg = Debug|Any CPU
		{2903492B-65B1-409C-832D-D1EEF37C027D}.Debug|Any CPU.Build.0 = Debug|Any CPU
		{2903492B-65B1-409C-832D-D1EEF37C027D}.Release|Any CPU.ActiveCfg = Release|Any CPU
		{2903492B-65B1-409C-832D-D1EEF37C027D}.Release|Any CPU.Build.0 = Release|Any CPU
	EndGlobalSection
	GlobalSection(SolutionProperties) = preSolution
		HideSolutionNode = FALSE
	EndGlobalSection
	GlobalSection(ExtensibilityGlobals) = postSolution
		SolutionGuid = {845AA441-FCFE-4E7B-ABF6-701E18053BF3}
	EndGlobalSection
EndGlobal
